
Microsoft Visual Studio Solution File, Format Version 12.00
# Visual Studio Version 16
VisualStudioVersion = 16.0.31424.327
MinimumVisualStudioVersion = 10.0.40219.1
Project("{9A19103F-16F7-4668-BE54-9A1E7A4F7556}") = "EmptyMetanitWebApplication", "EmptyMetanitWebApplication\EmptyMetanitWebApplication.csproj", "{BE334FDE-BF84-4DF8-9CD3-E30E44470E5D}"
EndProject
Project("{9A19103F-16F7-4668-BE54-9A1E7A4F7556}") = "SecondTestProject", "SecondTestProject\SecondTestProject.csproj", "{24ADD9CD-E8FB-4AF2-8201-3D11EED488F2}"
EndProject
Project("{9A19103F-16F7-4668-BE54-9A1E7A4F7556}") = "ThirdEmptyWebApplication", "ThirdEmptyWebApplication\ThirdEmptyWebApplication.csproj", "{34E04301-F0EA-4E03-8071-291B6423AFFC}"
EndProject
Project("{9A19103F-16F7-4668-BE54-9A1E7A4F7556}") = "MQTTWebApi", "TestWebApiApplication\MQTTWebApi.csproj", "{914C8513-C305-436E-9AC1-BEB22365301C}"
EndProject
Global
	GlobalSection(SolutionConfigurationPlatforms) = preSolution
		Debug|Any CPU = Debug|Any CPU
		Release|Any CPU = Release|Any CPU
	EndGlobalSection
	GlobalSection(ProjectConfigurationPlatforms) = postSolution
		{BE334FDE-BF84-4DF8-9CD3-E30E44470E5D}.Debug|Any CPU.ActiveCfg = Debug|Any CPU
		{BE334FDE-BF84-4DF8-9CD3-E30E44470E5D}.Debug|Any CPU.Build.0 = Debug|Any CPU
		{BE334FDE-BF84-4DF8-9CD3-E30E44470E5D}.Release|Any CPU.ActiveCfg = Release|Any CPU
		{BE334FDE-BF84-4DF8-9CD3-E30E44470E5D}.Release|Any CPU.Build.0 = Release|Any CPU
		{24ADD9CD-E8FB-4AF2-8201-3D11EED488F2}.Debug|Any CPU.ActiveCfg = Debug|Any CPU
		{24ADD9CD-E8FB-4AF2-8201-3D11EED488F2}.Debug|Any CPU.Build.0 = Debug|Any CPU
		{24ADD9CD-E8FB-4AF2-8201-3D11EED488F2}.Release|Any CPU.ActiveCfg = Release|Any CPU
		{24ADD9CD-E8FB-4AF2-8201-3D11EED488F2}.Release|Any CPU.Build.0 = Release|Any CPU
		{34E04301-F0EA-4E03-8071-291B6423AFFC}.Debug|Any CPU.ActiveCfg = Debug|Any CPU
		{34E04301-F0EA-4E03-8071-291B6423AFFC}.Debug|Any CPU.Build.0 = Debug|Any CPU
		{34E04301-F0EA-4E03-8071-291B6423AFFC}.Release|Any CPU.ActiveCfg = Release|Any CPU
		{34E04301-F0EA-4E03-8071-291B6423AFFC}.Release|Any CPU.Build.0 = Release|Any CPU
		{914C8513-C305-436E-9AC1-BEB22365301C}.Debug|Any CPU.ActiveCfg = Debug|Any CPU
		{914C8513-C305-436E-9AC1-BEB22365301C}.Debug|Any CPU.Build.0 = Debug|Any CPU
		{914C8513-C305-436E-9AC1-BEB22365301C}.Release|Any CPU.ActiveCfg = Release|Any CPU
		{914C8513-C305-436E-9AC1-BEB22365301C}.Release|Any CPU.Build.0 = Release|Any CPU
	EndGlobalSection
	GlobalSection(SolutionProperties) = preSolution
		HideSolutionNode = FALSE
	EndGlobalSection
	GlobalSection(ExtensibilityGlobals) = postSolution
		SolutionGuid = {5CE39B16-F88F-42FB-B90F-0E2FAF33E2CD}
	EndGlobalSection
EndGlobal
