
Microsoft Visual Studio Solution File, Format Version 12.00
# Visual Studio Version 16
VisualStudioVersion = 16.0.31424.327
MinimumVisualStudioVersion = 10.0.40219.1
Project("{9A19103F-16F7-4668-BE54-9A1E7A4F7556}") = "MQTTWebApi", "TestWebApiApplication\MQTTWebApi.csproj", "{914C8513-C305-436E-9AC1-BEB22365301C}"
EndProject
Project("{FAE04EC0-301F-11D3-BF4B-00C04F79EFBC}") = "GenerateMeasurements", "UnitTests\GenerateMeasurements.csproj", "{5DF7B81D-0D32-4E5C-B743-40C750094E6F}"
EndProject
Project("{FAE04EC0-301F-11D3-BF4B-00C04F79EFBC}") = "MQTTDashboard", "MQTTDashboard\MQTTDashboard.csproj", "{4A0F10A1-C585-4306-928F-03F6BEC468FA}"
EndProject
Global
	GlobalSection(SolutionConfigurationPlatforms) = preSolution
		Debug|Any CPU = Debug|Any CPU
		Release|Any CPU = Release|Any CPU
	EndGlobalSection
	GlobalSection(ProjectConfigurationPlatforms) = postSolution
		{914C8513-C305-436E-9AC1-BEB22365301C}.Debug|Any CPU.ActiveCfg = Debug|Any CPU
		{914C8513-C305-436E-9AC1-BEB22365301C}.Debug|Any CPU.Build.0 = Debug|Any CPU
		{914C8513-C305-436E-9AC1-BEB22365301C}.Release|Any CPU.ActiveCfg = Release|Any CPU
		{914C8513-C305-436E-9AC1-BEB22365301C}.Release|Any CPU.Build.0 = Release|Any CPU
		{5DF7B81D-0D32-4E5C-B743-40C750094E6F}.Debug|Any CPU.ActiveCfg = Debug|Any CPU
		{5DF7B81D-0D32-4E5C-B743-40C750094E6F}.Debug|Any CPU.Build.0 = Debug|Any CPU
		{5DF7B81D-0D32-4E5C-B743-40C750094E6F}.Release|Any CPU.ActiveCfg = Release|Any CPU
		{5DF7B81D-0D32-4E5C-B743-40C750094E6F}.Release|Any CPU.Build.0 = Release|Any CPU
		{4A0F10A1-C585-4306-928F-03F6BEC468FA}.Debug|Any CPU.ActiveCfg = Debug|Any CPU
		{4A0F10A1-C585-4306-928F-03F6BEC468FA}.Debug|Any CPU.Build.0 = Debug|Any CPU
		{4A0F10A1-C585-4306-928F-03F6BEC468FA}.Release|Any CPU.ActiveCfg = Release|Any CPU
		{4A0F10A1-C585-4306-928F-03F6BEC468FA}.Release|Any CPU.Build.0 = Release|Any CPU
	EndGlobalSection
	GlobalSection(SolutionProperties) = preSolution
		HideSolutionNode = FALSE
	EndGlobalSection
	GlobalSection(ExtensibilityGlobals) = postSolution
		SolutionGuid = {5CE39B16-F88F-42FB-B90F-0E2FAF33E2CD}
	EndGlobalSection
EndGlobal
